
Microsoft Visual Studio Solution File, Format Version 12.00
# Visual Studio Version 16
VisualStudioVersion = 16.0.29409.12
MinimumVisualStudioVersion = 10.0.40219.1
Project("{FAE04EC0-301F-11D3-BF4B-00C04F79EFBC}") = "BusinessTrips.WebApp", "BusinessTrips.WebApp\BusinessTrips.WebApp.csproj", "{53C88F56-7F9B-47D7-AEA0-10DCBAEECF6C}"
EndProject
Project("{FAE04EC0-301F-11D3-BF4B-00C04F79EFBC}") = "BusinessTrips", "BusinessTrips\BusinessTrips.csproj", "{907E22C9-7F04-4CF2-8CA0-92E1201FC341}"
EndProject
Global
	GlobalSection(SolutionConfigurationPlatforms) = preSolution
		Debug|Any CPU = Debug|Any CPU
		Release|Any CPU = Release|Any CPU
	EndGlobalSection
	GlobalSection(ProjectConfigurationPlatforms) = postSolution
		{53C88F56-7F9B-47D7-AEA0-10DCBAEECF6C}.Debug|Any CPU.ActiveCfg = Debug|Any CPU
		{53C88F56-7F9B-47D7-AEA0-10DCBAEECF6C}.Debug|Any CPU.Build.0 = Debug|Any CPU
		{53C88F56-7F9B-47D7-AEA0-10DCBAEECF6C}.Release|Any CPU.ActiveCfg = Release|Any CPU
		{53C88F56-7F9B-47D7-AEA0-10DCBAEECF6C}.Release|Any CPU.Build.0 = Release|Any CPU
		{907E22C9-7F04-4CF2-8CA0-92E1201FC341}.Debug|Any CPU.ActiveCfg = Debug|Any CPU
		{907E22C9-7F04-4CF2-8CA0-92E1201FC341}.Debug|Any CPU.Build.0 = Debug|Any CPU
		{907E22C9-7F04-4CF2-8CA0-92E1201FC341}.Release|Any CPU.ActiveCfg = Release|Any CPU
		{907E22C9-7F04-4CF2-8CA0-92E1201FC341}.Release|Any CPU.Build.0 = Release|Any CPU
	EndGlobalSection
	GlobalSection(SolutionProperties) = preSolution
		HideSolutionNode = FALSE
	EndGlobalSection
	GlobalSection(ExtensibilityGlobals) = postSolution
		SolutionGuid = {EA213200-CB17-4E7B-BB2F-F6A6ADBE7684}
	EndGlobalSection
EndGlobal
